# THIS IS AN AUTOGENERATED FILE. DO NOT EDIT THIS FILE DIRECTLY.
# yarn lockfile v1


"@remix-run/router@1.14.2":
  version "1.14.2"
  resolved "https://registry.yarnpkg.com/@remix-run/router/-/router-1.14.2.tgz#4d58f59908d9197ba3179310077f25c88e49ed17"
  integrity sha512-ACXpdMM9hmKZww21yEqWwiLws/UPLhNKvimN8RrYSqPSvB3ov7sLvAcfvaxePeLvccTQKGdkDIhLYApZVDFuKg==

react-router-dom@^6.21.2:
  version "6.21.2"
  resolved "https://registry.yarnpkg.com/react-router-dom/-/react-router-dom-6.21.2.tgz#5fba851731a194fa32c31990c4829c5e247f650a"
  integrity sha512-tE13UukgUOh2/sqYr6jPzZTzmzc70aGRP4pAjG2if0IP3aUT+sBtAKUJh0qMh0zylJHGLmzS+XWVaON4UklHeg==
  dependencies:
    "@remix-run/router" "1.14.2"
    react-router "6.21.2"

react-router@6.21.2:
  version "6.21.2"
  resolved "https://registry.yarnpkg.com/react-router/-/react-router-6.21.2.tgz#8820906c609ae7e4e8f926cc8eb5ce161428b956"
  integrity sha512-jJcgiwDsnaHIeC+IN7atO0XiSRCrOsQAHHbChtJxmgqG2IaYQXSnhqGb5vk2CU/wBQA12Zt+TkbuJjIn65gzbA==
  dependencies:
    "@remix-run/router" "1.14.2"
